// !$*UTF8*$!
{
	archiveVersion = 1;
	classes = {
	};
	objectVersion = 46;
	objects = {

/* Begin PBXAggregateTarget section */
		F6F8A1381EA12180002C7228 /* odl-All */ = {
			isa = PBXAggregateTarget;
			buildConfigurationList = F6F8A1391EA12180002C7228 /* Build configuration list for PBXAggregateTarget "odl-All" */;
			buildPhases = (
			);
			dependencies = (
				F6F8A1431EA12199002C7228 /* PBXTargetDependency */,
				F6F8A1411EA12194002C7228 /* PBXTargetDependency */,
				F6F8A13F1EA12190002C7228 /* PBXTargetDependency */,
				F6F8A13D1EA1218C002C7228 /* PBXTargetDependency */,
			);
			name = "odl-All";
			productName = All;
		};
/* End PBXAggregateTarget section */

/* Begin PBXBuildFile section */
		F606FCE720D574D80069A88A /* odlConfig.h in Headers */ = {isa = PBXBuildFile; fileRef = F606FCE620D574D80069A88A /* odlConfig.h */; };
		F6B63F3529E994E800127BE6 /* CppVersions.h in Headers */ = {isa = PBXBuildFile; fileRef = F6B63F3429E994E800127BE6 /* CppVersions.h */; };
		F6CF2A0429E47A640064AB5C /* odlFunctions.h in Headers */ = {isa = PBXBuildFile; fileRef = F6CF2A0329E47A640064AB5C /* odlFunctions.h */; };
		F6F8A12E1EA11BD6002C7228 /* odlSupport.cpp in Sources */ = {isa = PBXBuildFile; fileRef = F6F8A0F41EA11B07002C7228 /* odlSupport.cpp */; };
		F6F8A12F1EA11BD7002C7228 /* odlSupport.cpp in Sources */ = {isa = PBXBuildFile; fileRef = F6F8A0F41EA11B07002C7228 /* odlSupport.cpp */; };
		F6F8A1301EA11BDB002C7228 /* odlSupport.m in Sources */ = {isa = PBXBuildFile; fileRef = F6F8A0F61EA11B07002C7228 /* odlSupport.m */; };
		F6F8A1311EA11BDC002C7228 /* odlSupport.m in Sources */ = {isa = PBXBuildFile; fileRef = F6F8A0F61EA11B07002C7228 /* odlSupport.m */; };
		F6F8A1361EA11C72002C7228 /* Foundation.framework in Frameworks */ = {isa = PBXBuildFile; fileRef = F6F8A1351EA11C72002C7228 /* Foundation.framework */; };
		F6F8A1371EA11C85002C7228 /* Foundation.framework in Frameworks */ = {isa = PBXBuildFile; fileRef = F6F8A1331EA11C62002C7228 /* Foundation.framework */; };
/* End PBXBuildFile section */

/* Begin PBXContainerItemProxy section */
		F6F8A13C1EA1218C002C7228 /* PBXContainerItemProxy */ = {
			isa = PBXContainerItemProxy;
			containerPortal = F6C232A21E73896F0009D9A4 /* Project object */;
			proxyType = 1;
			remoteGlobalIDString = F6F8A1021EA11B60002C7228;
			remoteInfo = odlC;
		};
		F6F8A13E1EA12190002C7228 /* PBXContainerItemProxy */ = {
			isa = PBXContainerItemProxy;
			containerPortal = F6C232A21E73896F0009D9A4 /* Project object */;
			proxyType = 1;
			remoteGlobalIDString = F6F8A10A1EA11B7E002C7228;
			remoteInfo = odlOC;
		};
		F6F8A1401EA12194002C7228 /* PBXContainerItemProxy */ = {
			isa = PBXContainerItemProxy;
			containerPortal = F6C232A21E73896F0009D9A4 /* Project object */;
			proxyType = 1;
			remoteGlobalIDString = F6F8A1171EA11BA5002C7228;
			remoteInfo = odlCi;
		};
		F6F8A1421EA12199002C7228 /* PBXContainerItemProxy */ = {
			isa = PBXContainerItemProxy;
			containerPortal = F6C232A21E73896F0009D9A4 /* Project object */;
			proxyType = 1;
			remoteGlobalIDString = F6F8A1241EA11BB9002C7228;
			remoteInfo = odlOCi;
		};
/* End PBXContainerItemProxy section */

/* Begin PBXFileReference section */
		F606FCE620D574D80069A88A /* odlConfig.h */ = {isa = PBXFileReference; fileEncoding = 4; lastKnownFileType = sourcecode.c.h; name = odlConfig.h; path = src/odlConfig.h; sourceTree = "<group>"; };
		F60B49712104DD93009D2CDA /* CMakeLists.txt */ = {isa = PBXFileReference; fileEncoding = 4; lastKnownFileType = text; name = CMakeLists.txt; path = "non-iOS/CPack/CMakeLists.txt"; sourceTree = "<group>"; };
		F62CE86B1E7EF03700CE4B0F /* ODLConfig.cmake */ = {isa = PBXFileReference; fileEncoding = 4; lastKnownFileType = text; path = ODLConfig.cmake; sourceTree = SOURCE_ROOT; };
		F62CE86C1E7EF1B300CE4B0F /* ODLConfigVersion.cmake.in */ = {isa = PBXFileReference; fileEncoding = 4; lastKnownFileType = text; path = ODLConfigVersion.cmake.in; sourceTree = SOURCE_ROOT; };
		F6B63F3429E994E800127BE6 /* CppVersions.h */ = {isa = PBXFileReference; fileEncoding = 4; lastKnownFileType = sourcecode.c.h; name = CppVersions.h; path = src/CppVersions.h; sourceTree = "<group>"; };
		F6C232B21E73899B0009D9A4 /* LICENSE */ = {isa = PBXFileReference; fileEncoding = 4; lastKnownFileType = text; path = LICENSE; sourceTree = SOURCE_ROOT; };
		F6C232B91E73899B0009D9A4 /* README.md */ = {isa = PBXFileReference; fileEncoding = 4; lastKnownFileType = net.daringfireball.markdown; path = README.md; sourceTree = SOURCE_ROOT; };
		F6CF2A0329E47A640064AB5C /* odlFunctions.h */ = {isa = PBXFileReference; fileEncoding = 4; lastKnownFileType = sourcecode.c.h; name = odlFunctions.h; path = src/odlFunctions.h; sourceTree = "<group>"; };
		F6F8A0F01EA11B07002C7228 /* odlConfig.h.in */ = {isa = PBXFileReference; fileEncoding = 4; lastKnownFileType = text; name = odlConfig.h.in; path = src/odlConfig.h.in; sourceTree = SOURCE_ROOT; };
		F6F8A0F11EA11B07002C7228 /* odlDisable.h */ = {isa = PBXFileReference; fileEncoding = 4; lastKnownFileType = sourcecode.c.h; name = odlDisable.h; path = src/odlDisable.h; sourceTree = SOURCE_ROOT; };
		F6F8A0F21EA11B07002C7228 /* odlEnable.h */ = {isa = PBXFileReference; fileEncoding = 4; lastKnownFileType = sourcecode.c.h; name = odlEnable.h; path = src/odlEnable.h; sourceTree = SOURCE_ROOT; };
		F6F8A0F31EA11B07002C7228 /* odlInclude.h */ = {isa = PBXFileReference; fileEncoding = 4; lastKnownFileType = sourcecode.c.h; name = odlInclude.h; path = src/odlInclude.h; sourceTree = SOURCE_ROOT; };
		F6F8A0F41EA11B07002C7228 /* odlSupport.cpp */ = {isa = PBXFileReference; fileEncoding = 4; lastKnownFileType = sourcecode.cpp.cpp; name = odlSupport.cpp; path = src/odlSupport.cpp; sourceTree = SOURCE_ROOT; };
		F6F8A0F51EA11B07002C7228 /* odlSupport.inc.c */ = {isa = PBXFileReference; fileEncoding = 4; lastKnownFileType = sourcecode.c.c; name = odlSupport.inc.c; path = src/odlSupport.inc.c; sourceTree = SOURCE_ROOT; };
		F6F8A0F61EA11B07002C7228 /* odlSupport.m */ = {isa = PBXFileReference; fileEncoding = 4; lastKnownFileType = sourcecode.c.objc; name = odlSupport.m; path = src/odlSupport.m; sourceTree = SOURCE_ROOT; };
		F6F8A0FD1EA11B1F002C7228 /* CMakeLists.txt */ = {isa = PBXFileReference; fileEncoding = 4; lastKnownFileType = text; name = CMakeLists.txt; path = iOS/CMakeLists.txt; sourceTree = SOURCE_ROOT; };
		F6F8A0FE1EA11B2D002C7228 /* CMakeLists.txt */ = {isa = PBXFileReference; fileEncoding = 4; lastKnownFileType = text; name = CMakeLists.txt; path = "non-iOS/CMakeLists.txt"; sourceTree = SOURCE_ROOT; };
		F6F8A1031EA11B60002C7228 /* libodlC.dylib */ = {isa = PBXFileReference; explicitFileType = "compiled.mach-o.dylib"; includeInIndex = 0; path = libodlC.dylib; sourceTree = BUILT_PRODUCTS_DIR; };
		F6F8A10B1EA11B7E002C7228 /* libodlOC.dylib */ = {isa = PBXFileReference; explicitFileType = "compiled.mach-o.dylib"; includeInIndex = 0; path = libodlOC.dylib; sourceTree = BUILT_PRODUCTS_DIR; };
		F6F8A1181EA11BA5002C7228 /* libodlCi.a */ = {isa = PBXFileReference; explicitFileType = archive.ar; includeInIndex = 0; path = libodlCi.a; sourceTree = BUILT_PRODUCTS_DIR; };
		F6F8A1251EA11BB9002C7228 /* libodlOCi.a */ = {isa = PBXFileReference; explicitFileType = archive.ar; includeInIndex = 0; path = libodlOCi.a; sourceTree = BUILT_PRODUCTS_DIR; };
		F6F8A1331EA11C62002C7228 /* Foundation.framework */ = {isa = PBXFileReference; lastKnownFileType = wrapper.framework; name = Foundation.framework; path = System/Library/Frameworks/Foundation.framework; sourceTree = SDKROOT; };
		F6F8A1351EA11C72002C7228 /* Foundation.framework */ = {isa = PBXFileReference; lastKnownFileType = wrapper.framework; name = Foundation.framework; path = Platforms/iPhoneOS.platform/Developer/SDKs/iPhoneOS10.2.sdk/System/Library/Frameworks/Foundation.framework; sourceTree = DEVELOPER_DIR; };
		F6F8A1441EA13ECE002C7228 /* odlCommonSettings.cmake */ = {isa = PBXFileReference; lastKnownFileType = text; path = odlCommonSettings.cmake; sourceTree = SOURCE_ROOT; };
		F6F8A1451EA160BC002C7228 /* iOS.cmake */ = {isa = PBXFileReference; fileEncoding = 4; lastKnownFileType = text; name = iOS.cmake; path = iOS/iOS.cmake; sourceTree = "<group>"; };
/* End PBXFileReference section */

/* Begin PBXFrameworksBuildPhase section */
		F6F8A1001EA11B60002C7228 /* Frameworks */ = {
			isa = PBXFrameworksBuildPhase;
			buildActionMask = 2147483647;
			files = (
			);
			runOnlyForDeploymentPostprocessing = 0;
		};
		F6F8A1081EA11B7E002C7228 /* Frameworks */ = {
			isa = PBXFrameworksBuildPhase;
			buildActionMask = 2147483647;
			files = (
				F6F8A1371EA11C85002C7228 /* Foundation.framework in Frameworks */,
			);
			runOnlyForDeploymentPostprocessing = 0;
		};
		F6F8A1151EA11BA5002C7228 /* Frameworks */ = {
			isa = PBXFrameworksBuildPhase;
			buildActionMask = 2147483647;
			files = (
			);
			runOnlyForDeploymentPostprocessing = 0;
		};
		F6F8A1221EA11BB9002C7228 /* Frameworks */ = {
			isa = PBXFrameworksBuildPhase;
			buildActionMask = 2147483647;
			files = (
				F6F8A1361EA11C72002C7228 /* Foundation.framework in Frameworks */,
			);
			runOnlyForDeploymentPostprocessing = 0;
		};
/* End PBXFrameworksBuildPhase section */

/* Begin PBXGroup section */
		F60B49722104DD9B009D2CDA /* CPack */ = {
			isa = PBXGroup;
			children = (
				F60B49712104DD93009D2CDA /* CMakeLists.txt */,
			);
			name = CPack;
			sourceTree = "<group>";
		};
		F6C232A11E73896F0009D9A4 = {
			isa = PBXGroup;
			children = (
				F6F8A0EE1EA11AE9002C7228 /* iOS */,
				F6F8A0EF1EA11AF1002C7228 /* non-iOS */,
				F6F8A0ED1EA11AE2002C7228 /* src */,
				F6F8A1441EA13ECE002C7228 /* odlCommonSettings.cmake */,
				F62CE86B1E7EF03700CE4B0F /* ODLConfig.cmake */,
				F62CE86C1E7EF1B300CE4B0F /* ODLConfigVersion.cmake.in */,
				F6C232B21E73899B0009D9A4 /* LICENSE */,
				F6C232B91E73899B0009D9A4 /* README.md */,
				F6F8A1321EA11C3C002C7228 /* Frameworks */,
				F6C232AB1E7389700009D9A4 /* Products */,
			);
			sourceTree = "<group>";
		};
		F6C232AB1E7389700009D9A4 /* Products */ = {
			isa = PBXGroup;
			children = (
				F6F8A1031EA11B60002C7228 /* libodlC.dylib */,
				F6F8A10B1EA11B7E002C7228 /* libodlOC.dylib */,
				F6F8A1181EA11BA5002C7228 /* libodlCi.a */,
				F6F8A1251EA11BB9002C7228 /* libodlOCi.a */,
			);
			name = Products;
			sourceTree = "<group>";
		};
		F6F8A0ED1EA11AE2002C7228 /* src */ = {
			isa = PBXGroup;
			children = (
				F6B63F3429E994E800127BE6 /* CppVersions.h */,
				F606FCE620D574D80069A88A /* odlConfig.h */,
				F6F8A0F01EA11B07002C7228 /* odlConfig.h.in */,
				F6F8A0F11EA11B07002C7228 /* odlDisable.h */,
				F6F8A0F21EA11B07002C7228 /* odlEnable.h */,
				F6CF2A0329E47A640064AB5C /* odlFunctions.h */,
				F6F8A0F31EA11B07002C7228 /* odlInclude.h */,
				F6F8A0F41EA11B07002C7228 /* odlSupport.cpp */,
				F6F8A0F51EA11B07002C7228 /* odlSupport.inc.c */,
				F6F8A0F61EA11B07002C7228 /* odlSupport.m */,
			);
			name = src;
			sourceTree = "<group>";
		};
		F6F8A0EE1EA11AE9002C7228 /* iOS */ = {
			isa = PBXGroup;
			children = (
				F6F8A0FD1EA11B1F002C7228 /* CMakeLists.txt */,
				F6F8A1451EA160BC002C7228 /* iOS.cmake */,
			);
			name = iOS;
			sourceTree = "<group>";
		};
		F6F8A0EF1EA11AF1002C7228 /* non-iOS */ = {
			isa = PBXGroup;
			children = (
				F60B49722104DD9B009D2CDA /* CPack */,
				F6F8A0FE1EA11B2D002C7228 /* CMakeLists.txt */,
			);
			name = "non-iOS";
			sourceTree = "<group>";
		};
		F6F8A1321EA11C3C002C7228 /* Frameworks */ = {
			isa = PBXGroup;
			children = (
				F6F8A1351EA11C72002C7228 /* Foundation.framework */,
				F6F8A1331EA11C62002C7228 /* Foundation.framework */,
			);
			name = Frameworks;
			sourceTree = "<group>";
		};
/* End PBXGroup section */

/* Begin PBXHeadersBuildPhase section */
		F6F8A1011EA11B60002C7228 /* Headers */ = {
			isa = PBXHeadersBuildPhase;
			buildActionMask = 2147483647;
			files = (
				F6B63F3529E994E800127BE6 /* CppVersions.h in Headers */,
				F6CF2A0429E47A640064AB5C /* odlFunctions.h in Headers */,
				F606FCE720D574D80069A88A /* odlConfig.h in Headers */,
			);
			runOnlyForDeploymentPostprocessing = 0;
		};
		F6F8A1091EA11B7E002C7228 /* Headers */ = {
			isa = PBXHeadersBuildPhase;
			buildActionMask = 2147483647;
			files = (
			);
			runOnlyForDeploymentPostprocessing = 0;
		};
/* End PBXHeadersBuildPhase section */

/* Begin PBXNativeTarget section */
		F6F8A1021EA11B60002C7228 /* odlC */ = {
			isa = PBXNativeTarget;
			buildConfigurationList = F6F8A1041EA11B60002C7228 /* Build configuration list for PBXNativeTarget "odlC" */;
			buildPhases = (
				F6F8A0FF1EA11B60002C7228 /* Sources */,
				F6F8A1001EA11B60002C7228 /* Frameworks */,
				F6F8A1011EA11B60002C7228 /* Headers */,
			);
			buildRules = (
			);
			dependencies = (
			);
			name = odlC;
			productName = odlC;
			productReference = F6F8A1031EA11B60002C7228 /* libodlC.dylib */;
			productType = "com.apple.product-type.library.dynamic";
		};
		F6F8A10A1EA11B7E002C7228 /* odlOC */ = {
			isa = PBXNativeTarget;
			buildConfigurationList = F6F8A1111EA11B7E002C7228 /* Build configuration list for PBXNativeTarget "odlOC" */;
			buildPhases = (
				F6F8A1071EA11B7E002C7228 /* Sources */,
				F6F8A1081EA11B7E002C7228 /* Frameworks */,
				F6F8A1091EA11B7E002C7228 /* Headers */,
			);
			buildRules = (
			);
			dependencies = (
			);
			name = odlOC;
			productName = odlOC;
			productReference = F6F8A10B1EA11B7E002C7228 /* libodlOC.dylib */;
			productType = "com.apple.product-type.library.dynamic";
		};
		F6F8A1171EA11BA5002C7228 /* odlCi */ = {
			isa = PBXNativeTarget;
			buildConfigurationList = F6F8A11E1EA11BA5002C7228 /* Build configuration list for PBXNativeTarget "odlCi" */;
			buildPhases = (
				F6F8A1141EA11BA5002C7228 /* Sources */,
				F6F8A1151EA11BA5002C7228 /* Frameworks */,
			);
			buildRules = (
			);
			dependencies = (
			);
			name = odlCi;
			productName = odlCi;
			productReference = F6F8A1181EA11BA5002C7228 /* libodlCi.a */;
			productType = "com.apple.product-type.library.static";
		};
		F6F8A1241EA11BB9002C7228 /* odlOCi */ = {
			isa = PBXNativeTarget;
			buildConfigurationList = F6F8A12B1EA11BBA002C7228 /* Build configuration list for PBXNativeTarget "odlOCi" */;
			buildPhases = (
				F6F8A1211EA11BB9002C7228 /* Sources */,
				F6F8A1221EA11BB9002C7228 /* Frameworks */,
			);
			buildRules = (
			);
			dependencies = (
			);
			name = odlOCi;
			productName = odlOCi;
			productReference = F6F8A1251EA11BB9002C7228 /* libodlOCi.a */;
			productType = "com.apple.product-type.library.static";
		};
/* End PBXNativeTarget section */

/* Begin PBXProject section */
		F6C232A21E73896F0009D9A4 /* Project object */ = {
			isa = PBXProject;
			attributes = {
				LastUpgradeCheck = 0940;
				ORGANIZATIONNAME = "Norman Jaffe";
				TargetAttributes = {
					F6F8A1021EA11B60002C7228 = {
						CreatedOnToolsVersion = 8.2.1;
						DevelopmentTeam = JCN44SXWSE;
						ProvisioningStyle = Automatic;
					};
					F6F8A10A1EA11B7E002C7228 = {
						CreatedOnToolsVersion = 8.2.1;
						DevelopmentTeam = JCN44SXWSE;
						ProvisioningStyle = Automatic;
					};
					F6F8A1171EA11BA5002C7228 = {
						CreatedOnToolsVersion = 8.2.1;
						DevelopmentTeam = JCN44SXWSE;
						ProvisioningStyle = Automatic;
					};
					F6F8A1241EA11BB9002C7228 = {
						CreatedOnToolsVersion = 8.2.1;
						DevelopmentTeam = JCN44SXWSE;
						ProvisioningStyle = Automatic;
					};
					F6F8A1381EA12180002C7228 = {
						CreatedOnToolsVersion = 8.2.1;
						DevelopmentTeam = JCN44SXWSE;
						ProvisioningStyle = Automatic;
					};
				};
			};
			buildConfigurationList = F6C232A51E73896F0009D9A4 /* Build configuration list for PBXProject "odl" */;
			compatibilityVersion = "Xcode 3.2";
			developmentRegion = English;
			hasScannedForEncodings = 0;
			knownRegions = (
				English,
				en,
			);
			mainGroup = F6C232A11E73896F0009D9A4;
			productRefGroup = F6C232AB1E7389700009D9A4 /* Products */;
			projectDirPath = "";
			projectRoot = "";
			targets = (
				F6F8A1021EA11B60002C7228 /* odlC */,
				F6F8A10A1EA11B7E002C7228 /* odlOC */,
				F6F8A1171EA11BA5002C7228 /* odlCi */,
				F6F8A1241EA11BB9002C7228 /* odlOCi */,
				F6F8A1381EA12180002C7228 /* odl-All */,
			);
		};
/* End PBXProject section */

/* Begin PBXSourcesBuildPhase section */
		F6F8A0FF1EA11B60002C7228 /* Sources */ = {
			isa = PBXSourcesBuildPhase;
			buildActionMask = 2147483647;
			files = (
				F6F8A12F1EA11BD7002C7228 /* odlSupport.cpp in Sources */,
			);
			runOnlyForDeploymentPostprocessing = 0;
		};
		F6F8A1071EA11B7E002C7228 /* Sources */ = {
			isa = PBXSourcesBuildPhase;
			buildActionMask = 2147483647;
			files = (
				F6F8A1301EA11BDB002C7228 /* odlSupport.m in Sources */,
			);
			runOnlyForDeploymentPostprocessing = 0;
		};
		F6F8A1141EA11BA5002C7228 /* Sources */ = {
			isa = PBXSourcesBuildPhase;
			buildActionMask = 2147483647;
			files = (
				F6F8A12E1EA11BD6002C7228 /* odlSupport.cpp in Sources */,
			);
			runOnlyForDeploymentPostprocessing = 0;
		};
		F6F8A1211EA11BB9002C7228 /* Sources */ = {
			isa = PBXSourcesBuildPhase;
			buildActionMask = 2147483647;
			files = (
				F6F8A1311EA11BDC002C7228 /* odlSupport.m in Sources */,
			);
			runOnlyForDeploymentPostprocessing = 0;
		};
/* End PBXSourcesBuildPhase section */

/* Begin PBXTargetDependency section */
		F6F8A13D1EA1218C002C7228 /* PBXTargetDependency */ = {
			isa = PBXTargetDependency;
			target = F6F8A1021EA11B60002C7228 /* odlC */;
			targetProxy = F6F8A13C1EA1218C002C7228 /* PBXContainerItemProxy */;
		};
		F6F8A13F1EA12190002C7228 /* PBXTargetDependency */ = {
			isa = PBXTargetDependency;
			target = F6F8A10A1EA11B7E002C7228 /* odlOC */;
			targetProxy = F6F8A13E1EA12190002C7228 /* PBXContainerItemProxy */;
		};
		F6F8A1411EA12194002C7228 /* PBXTargetDependency */ = {
			isa = PBXTargetDependency;
			target = F6F8A1171EA11BA5002C7228 /* odlCi */;
			targetProxy = F6F8A1401EA12194002C7228 /* PBXContainerItemProxy */;
		};
		F6F8A1431EA12199002C7228 /* PBXTargetDependency */ = {
			isa = PBXTargetDependency;
			target = F6F8A1241EA11BB9002C7228 /* odlOCi */;
			targetProxy = F6F8A1421EA12199002C7228 /* PBXContainerItemProxy */;
		};
/* End PBXTargetDependency section */

/* Begin XCBuildConfiguration section */
		F6C232AC1E7389700009D9A4 /* Debug */ = {
			isa = XCBuildConfiguration;
			buildSettings = {
				ALWAYS_SEARCH_USER_PATHS = YES;
				CLANG_ANALYZER_NONNULL = YES;
				CLANG_CXX_LANGUAGE_STANDARD = "gnu++0x";
				CLANG_CXX_LIBRARY = "libc++";
				CLANG_ENABLE_MODULES = YES;
				CLANG_ENABLE_OBJC_ARC = YES;
				CLANG_WARN_BLOCK_CAPTURE_AUTORELEASING = YES;
				CLANG_WARN_BOOL_CONVERSION = YES;
				CLANG_WARN_COMMA = YES;
				CLANG_WARN_CONSTANT_CONVERSION = YES;
				CLANG_WARN_DEPRECATED_OBJC_IMPLEMENTATIONS = YES;
				CLANG_WARN_DIRECT_OBJC_ISA_USAGE = YES_ERROR;
				CLANG_WARN_DOCUMENTATION_COMMENTS = YES;
				CLANG_WARN_EMPTY_BODY = YES;
				CLANG_WARN_ENUM_CONVERSION = YES;
				CLANG_WARN_INFINITE_RECURSION = YES;
				CLANG_WARN_INT_CONVERSION = YES;
				CLANG_WARN_NON_LITERAL_NULL_CONVERSION = YES;
				CLANG_WARN_OBJC_IMPLICIT_RETAIN_SELF = YES;
				CLANG_WARN_OBJC_LITERAL_CONVERSION = YES;
				CLANG_WARN_OBJC_ROOT_CLASS = YES_ERROR;
				CLANG_WARN_RANGE_LOOP_ANALYSIS = YES;
				CLANG_WARN_STRICT_PROTOTYPES = YES;
				CLANG_WARN_SUSPICIOUS_MOVE = YES;
				CLANG_WARN_UNREACHABLE_CODE = YES;
				CLANG_WARN__DUPLICATE_METHOD_MATCH = YES;
				CODE_SIGN_IDENTITY = "-";
				COPY_PHASE_STRIP = NO;
				DEBUG_INFORMATION_FORMAT = dwarf;
				ENABLE_STRICT_OBJC_MSGSEND = YES;
				ENABLE_TESTABILITY = YES;
				GCC_C_LANGUAGE_STANDARD = gnu99;
				GCC_DYNAMIC_NO_PIC = NO;
				GCC_NO_COMMON_BLOCKS = YES;
				GCC_OPTIMIZATION_LEVEL = 0;
				GCC_PREPROCESSOR_DEFINITIONS = (
					"DEBUG=1",
					"$(inherited)",
				);
				GCC_WARN_64_TO_32_BIT_CONVERSION = YES;
				GCC_WARN_ABOUT_RETURN_TYPE = YES_ERROR;
				GCC_WARN_UNDECLARED_SELECTOR = YES;
				GCC_WARN_UNINITIALIZED_AUTOS = YES_AGGRESSIVE;
				GCC_WARN_UNUSED_FUNCTION = YES;
				GCC_WARN_UNUSED_VARIABLE = YES;
				INSTALL_PATH = /opt/odl/lib;
				IPHONEOS_DEPLOYMENT_TARGET = 9.3;
				MACOSX_DEPLOYMENT_TARGET = 10.7;
				MTL_ENABLE_DEBUG_INFO = YES;
				ONLY_ACTIVE_ARCH = YES;
				SDKROOT = macosx;
			};
			name = Debug;
		};
		F6C232AD1E7389700009D9A4 /* Release */ = {
			isa = XCBuildConfiguration;
			buildSettings = {
				ALWAYS_SEARCH_USER_PATHS = YES;
				CLANG_ANALYZER_NONNULL = YES;
				CLANG_CXX_LANGUAGE_STANDARD = "gnu++0x";
				CLANG_CXX_LIBRARY = "libc++";
				CLANG_ENABLE_MODULES = YES;
				CLANG_ENABLE_OBJC_ARC = YES;
				CLANG_WARN_BLOCK_CAPTURE_AUTORELEASING = YES;
				CLANG_WARN_BOOL_CONVERSION = YES;
				CLANG_WARN_COMMA = YES;
				CLANG_WARN_CONSTANT_CONVERSION = YES;
				CLANG_WARN_DEPRECATED_OBJC_IMPLEMENTATIONS = YES;
				CLANG_WARN_DIRECT_OBJC_ISA_USAGE = YES_ERROR;
				CLANG_WARN_DOCUMENTATION_COMMENTS = YES;
				CLANG_WARN_EMPTY_BODY = YES;
				CLANG_WARN_ENUM_CONVERSION = YES;
				CLANG_WARN_INFINITE_RECURSION = YES;
				CLANG_WARN_INT_CONVERSION = YES;
				CLANG_WARN_NON_LITERAL_NULL_CONVERSION = YES;
				CLANG_WARN_OBJC_IMPLICIT_RETAIN_SELF = YES;
				CLANG_WARN_OBJC_LITERAL_CONVERSION = YES;
				CLANG_WARN_OBJC_ROOT_CLASS = YES_ERROR;
				CLANG_WARN_RANGE_LOOP_ANALYSIS = YES;
				CLANG_WARN_STRICT_PROTOTYPES = YES;
				CLANG_WARN_SUSPICIOUS_MOVE = YES;
				CLANG_WARN_UNREACHABLE_CODE = YES;
				CLANG_WARN__DUPLICATE_METHOD_MATCH = YES;
				CODE_SIGN_IDENTITY = "-";
				COPY_PHASE_STRIP = NO;
				DEBUG_INFORMATION_FORMAT = "dwarf-with-dsym";
				ENABLE_NS_ASSERTIONS = NO;
				ENABLE_STRICT_OBJC_MSGSEND = YES;
				GCC_C_LANGUAGE_STANDARD = gnu99;
				GCC_NO_COMMON_BLOCKS = YES;
				GCC_WARN_64_TO_32_BIT_CONVERSION = YES;
				GCC_WARN_ABOUT_RETURN_TYPE = YES_ERROR;
				GCC_WARN_UNDECLARED_SELECTOR = YES;
				GCC_WARN_UNINITIALIZED_AUTOS = YES_AGGRESSIVE;
				GCC_WARN_UNUSED_FUNCTION = YES;
				GCC_WARN_UNUSED_VARIABLE = YES;
				INSTALL_PATH = /opt/odl/lib;
				IPHONEOS_DEPLOYMENT_TARGET = 9.3;
				MACOSX_DEPLOYMENT_TARGET = 10.7;
				MTL_ENABLE_DEBUG_INFO = NO;
				SDKROOT = macosx;
			};
			name = Release;
		};
		F6F8A1051EA11B60002C7228 /* Debug */ = {
			isa = XCBuildConfiguration;
			buildSettings = {
				DEVELOPMENT_TEAM = JCN44SXWSE;
				DYLIB_COMPATIBILITY_VERSION = 1;
				DYLIB_CURRENT_VERSION = 1;
				EXECUTABLE_PREFIX = lib;
				PRODUCT_NAME = "$(TARGET_NAME)";
			};
			name = Debug;
		};
		F6F8A1061EA11B60002C7228 /* Release */ = {
			isa = XCBuildConfiguration;
			buildSettings = {
				DEVELOPMENT_TEAM = JCN44SXWSE;
				DYLIB_COMPATIBILITY_VERSION = 1;
				DYLIB_CURRENT_VERSION = 1;
				EXECUTABLE_PREFIX = lib;
				PRODUCT_NAME = "$(TARGET_NAME)";
			};
			name = Release;
		};
		F6F8A1121EA11B7E002C7228 /* Debug */ = {
			isa = XCBuildConfiguration;
			buildSettings = {
				DEVELOPMENT_TEAM = JCN44SXWSE;
				DYLIB_COMPATIBILITY_VERSION = 1;
				DYLIB_CURRENT_VERSION = 1;
				EXECUTABLE_PREFIX = lib;
				PRODUCT_NAME = "$(TARGET_NAME)";
			};
			name = Debug;
		};
		F6F8A1131EA11B7E002C7228 /* Release */ = {
			isa = XCBuildConfiguration;
			buildSettings = {
				DEVELOPMENT_TEAM = JCN44SXWSE;
				DYLIB_COMPATIBILITY_VERSION = 1;
				DYLIB_CURRENT_VERSION = 1;
				EXECUTABLE_PREFIX = lib;
				PRODUCT_NAME = "$(TARGET_NAME)";
			};
			name = Release;
		};
		F6F8A11F1EA11BA5002C7228 /* Debug */ = {
			isa = XCBuildConfiguration;
			buildSettings = {
				"CODE_SIGN_IDENTITY[sdk=iphoneos*]" = "iPhone Developer";
				DEVELOPMENT_TEAM = JCN44SXWSE;
				IPHONEOS_DEPLOYMENT_TARGET = 10.2;
				OTHER_LDFLAGS = "-ObjC";
				PRODUCT_NAME = "$(TARGET_NAME)";
				SDKROOT = iphoneos;
				SKIP_INSTALL = YES;
			};
			name = Debug;
		};
		F6F8A1201EA11BA5002C7228 /* Release */ = {
			isa = XCBuildConfiguration;
			buildSettings = {
				"CODE_SIGN_IDENTITY[sdk=iphoneos*]" = "iPhone Developer";
				DEVELOPMENT_TEAM = JCN44SXWSE;
				IPHONEOS_DEPLOYMENT_TARGET = 10.2;
				OTHER_LDFLAGS = "-ObjC";
				PRODUCT_NAME = "$(TARGET_NAME)";
				SDKROOT = iphoneos;
				SKIP_INSTALL = YES;
				VALIDATE_PRODUCT = YES;
			};
			name = Release;
		};
		F6F8A12C1EA11BBA002C7228 /* Debug */ = {
			isa = XCBuildConfiguration;
			buildSettings = {
				"CODE_SIGN_IDENTITY[sdk=iphoneos*]" = "iPhone Developer";
				DEVELOPMENT_TEAM = JCN44SXWSE;
				IPHONEOS_DEPLOYMENT_TARGET = 10.2;
				OTHER_LDFLAGS = "-ObjC";
				PRODUCT_NAME = "$(TARGET_NAME)";
				SDKROOT = iphoneos;
				SKIP_INSTALL = YES;
			};
			name = Debug;
		};
		F6F8A12D1EA11BBA002C7228 /* Release */ = {
			isa = XCBuildConfiguration;
			buildSettings = {
				"CODE_SIGN_IDENTITY[sdk=iphoneos*]" = "iPhone Developer";
				DEVELOPMENT_TEAM = JCN44SXWSE;
				IPHONEOS_DEPLOYMENT_TARGET = 10.2;
				OTHER_LDFLAGS = "-ObjC";
				PRODUCT_NAME = "$(TARGET_NAME)";
				SDKROOT = iphoneos;
				SKIP_INSTALL = YES;
				VALIDATE_PRODUCT = YES;
			};
			name = Release;
		};
		F6F8A13A1EA12180002C7228 /* Debug */ = {
			isa = XCBuildConfiguration;
			buildSettings = {
				DEVELOPMENT_TEAM = JCN44SXWSE;
				PRODUCT_NAME = "$(TARGET_NAME)";
			};
			name = Debug;
		};
		F6F8A13B1EA12180002C7228 /* Release */ = {
			isa = XCBuildConfiguration;
			buildSettings = {
				DEVELOPMENT_TEAM = JCN44SXWSE;
				PRODUCT_NAME = "$(TARGET_NAME)";
			};
			name = Release;
		};
/* End XCBuildConfiguration section */

/* Begin XCConfigurationList section */
		F6C232A51E73896F0009D9A4 /* Build configuration list for PBXProject "odl" */ = {
			isa = XCConfigurationList;
			buildConfigurations = (
				F6C232AC1E7389700009D9A4 /* Debug */,
				F6C232AD1E7389700009D9A4 /* Release */,
			);
			defaultConfigurationIsVisible = 0;
			defaultConfigurationName = Release;
		};
		F6F8A1041EA11B60002C7228 /* Build configuration list for PBXNativeTarget "odlC" */ = {
			isa = XCConfigurationList;
			buildConfigurations = (
				F6F8A1051EA11B60002C7228 /* Debug */,
				F6F8A1061EA11B60002C7228 /* Release */,
			);
			defaultConfigurationIsVisible = 0;
			defaultConfigurationName = Release;
		};
		F6F8A1111EA11B7E002C7228 /* Build configuration list for PBXNativeTarget "odlOC" */ = {
			isa = XCConfigurationList;
			buildConfigurations = (
				F6F8A1121EA11B7E002C7228 /* Debug */,
				F6F8A1131EA11B7E002C7228 /* Release */,
			);
			defaultConfigurationIsVisible = 0;
			defaultConfigurationName = Release;
		};
		F6F8A11E1EA11BA5002C7228 /* Build configuration list for PBXNativeTarget "odlCi" */ = {
			isa = XCConfigurationList;
			buildConfigurations = (
				F6F8A11F1EA11BA5002C7228 /* Debug */,
				F6F8A1201EA11BA5002C7228 /* Release */,
			);
			defaultConfigurationIsVisible = 0;
			defaultConfigurationName = Release;
		};
		F6F8A12B1EA11BBA002C7228 /* Build configuration list for PBXNativeTarget "odlOCi" */ = {
			isa = XCConfigurationList;
			buildConfigurations = (
				F6F8A12C1EA11BBA002C7228 /* Debug */,
				F6F8A12D1EA11BBA002C7228 /* Release */,
			);
			defaultConfigurationIsVisible = 0;
			defaultConfigurationName = Release;
		};
		F6F8A1391EA12180002C7228 /* Build configuration list for PBXAggregateTarget "odl-All" */ = {
			isa = XCConfigurationList;
			buildConfigurations = (
				F6F8A13A1EA12180002C7228 /* Debug */,
				F6F8A13B1EA12180002C7228 /* Release */,
			);
			defaultConfigurationIsVisible = 0;
			defaultConfigurationName = Release;
		};
/* End XCConfigurationList section */
	};
	rootObject = F6C232A21E73896F0009D9A4 /* Project object */;
}
